Microsoft Visual Studio Solution File, Format Version 12.00
# Visual Studio Version 17
VisualStudioVersion = 17.0.31903.59
MinimumVisualStudioVersion = 10.0.40219.1
Project("{FAE04EC0-301F-11D3-BF4B-00C04F79EFBC}") = "CloudOps.Domain", "src\\CloudOps.Domain\\CloudOps.Domain.csproj", "{3A6B55A1-165A-449F-9881-63D5D8BBD04F}"
EndProject
Project("{FAE04EC0-301F-11D3-BF4B-00C04F79EFBC}") = "CloudOps.Application", "src\\CloudOps.Application\\CloudOps.Application.csproj", "{175C99BD-7D3B-4A91-935C-E26F0D887B37}"
EndProject
Project("{FAE04EC0-301F-11D3-BF4B-00C04F79EFBC}") = "CloudOps.Infrastructure", "src\\CloudOps.Infrastructure\\CloudOps.Infrastructure.csproj", "{30F5C540-0A2C-4277-8DAA-D30D13BBD1B1}"
EndProject
Project("{FAE04EC0-301F-11D3-BF4B-00C04F79EFBC}") = "CloudOps.Api", "src\\CloudOps.Api\\CloudOps.Api.csproj", "{2D1B831C-AE1C-4273-AFE4-BE7D44196BFF}"
EndProject
Project("{FAE04EC0-301F-11D3-BF4B-00C04F79EFBC}") = "CloudOps.Application.Tests", "tests\\CloudOps.Application.Tests\\CloudOps.Application.Tests.csproj", "{C6C9AF4E-98B8-4862-995E-7DF3048AFBC8}"
EndProject
Global
	GlobalSection(SolutionConfigurationPlatforms) = preSolution
		Debug|Any CPU = Debug|Any CPU
		Release|Any CPU = Release|Any CPU
	EndGlobalSection
	GlobalSection(ProjectConfigurationPlatforms) = postSolution
		{3A6B55A1-165A-449F-9881-63D5D8BBD04F}.Debug|Any CPU.ActiveCfg = Debug|Any CPU
		{3A6B55A1-165A-449F-9881-63D5D8BBD04F}.Debug|Any CPU.Build.0 = Debug|Any CPU
		{3A6B55A1-165A-449F-9881-63D5D8BBD04F}.Release|Any CPU.ActiveCfg = Release|Any CPU
		{3A6B55A1-165A-449F-9881-63D5D8BBD04F}.Release|Any CPU.Build.0 = Release|Any CPU
		{175C99BD-7D3B-4A91-935C-E26F0D887B37}.Debug|Any CPU.ActiveCfg = Debug|Any CPU
		{175C99BD-7D3B-4A91-935C-E26F0D887B37}.Debug|Any CPU.Build.0 = Debug|Any CPU
		{175C99BD-7D3B-4A91-935C-E26F0D887B37}.Release|Any CPU.ActiveCfg = Release|Any CPU
		{175C99BD-7D3B-4A91-935C-E26F0D887B37}.Release|Any CPU.Build.0 = Release|Any CPU
		{30F5C540-0A2C-4277-8DAA-D30D13BBD1B1}.Debug|Any CPU.ActiveCfg = Debug|Any CPU
		{30F5C540-0A2C-4277-8DAA-D30D13BBD1B1}.Debug|Any CPU.Build.0 = Debug|Any CPU
		{30F5C540-0A2C-4277-8DAA-D30D13BBD1B1}.Release|Any CPU.ActiveCfg = Release|Any CPU
		{30F5C540-0A2C-4277-8DAA-D30D13BBD1B1}.Release|Any CPU.Build.0 = Release|Any CPU
		{2D1B831C-AE1C-4273-AFE4-BE7D44196BFF}.Debug|Any CPU.ActiveCfg = Debug|Any CPU
		{2D1B831C-AE1C-4273-AFE4-BE7D44196BFF}.Debug|Any CPU.Build.0 = Debug|Any CPU
		{2D1B831C-AE1C-4273-AFE4-BE7D44196BFF}.Release|Any CPU.ActiveCfg = Release|Any CPU
		{2D1B831C-AE1C-4273-AFE4-BE7D44196BFF}.Release|Any CPU.Build.0 = Release|Any CPU
		{C6C9AF4E-98B8-4862-995E-7DF3048AFBC8}.Debug|Any CPU.ActiveCfg = Debug|Any CPU
		{C6C9AF4E-98B8-4862-995E-7DF3048AFBC8}.Debug|Any CPU.Build.0 = Debug|Any CPU
		{C6C9AF4E-98B8-4862-995E-7DF3048AFBC8}.Release|Any CPU.ActiveCfg = Release|Any CPU
		{C6C9AF4E-98B8-4862-995E-7DF3048AFBC8}.Release|Any CPU.Build.0 = Release|Any CPU
	EndGlobalSection
EndGlobal
